{
  "originHash" : "f86971431a1b890bc7c3098d5e5ee7358cf3547c62fe933101f08e839ce92ef4",
  "pins" : [
    {
      "identity" : "tbcommon",
      "kind" : "remoteSourceControl",
      "location" : "https://github.com/twistybits2300/TBCommon.git",
      "state" : {
        "branch" : "main",
        "revision" : "71d3f66c8ad8a98820d15b8af0c3cba7757ec5f4"
      }
    },
    {
      "identity" : "xscriber",
      "kind" : "remoteSourceControl",
      "location" : "https://github.com/twistybits2300/Xscriber.git",
      "state" : {
        "branch" : "main",
        "revision" : "e441c120ecb05d1e39f26f48fb0b61d50eae74c8"
      }
    }
  ],
  "version" : 3
}
